
Microsoft Visual Studio Solution File, Format Version 12.00
# Visual Studio Version 16
VisualStudioVersion = 16.0.32929.386
MinimumVisualStudioVersion = 10.0.40219.1
Project("{FAE04EC0-301F-11D3-BF4B-00C04F79EFBC}") = "Authorization1", "Authorization1\Authorization1.csproj", "{ADDC9C98-87D9-4EBD-8C5D-9831BE0F0B7E}"
EndProject
Global
	GlobalSection(SolutionConfigurationPlatforms) = preSolution
		Debug|Any CPU = Debug|Any CPU
		Release|Any CPU = Release|Any CPU
	EndGlobalSection
	GlobalSection(ProjectConfigurationPlatforms) = postSolution
		{ADDC9C98-87D9-4EBD-8C5D-9831BE0F0B7E}.Debug|Any CPU.ActiveCfg = Debug|Any CPU
		{ADDC9C98-87D9-4EBD-8C5D-9831BE0F0B7E}.Debug|Any CPU.Build.0 = Debug|Any CPU
		{ADDC9C98-87D9-4EBD-8C5D-9831BE0F0B7E}.Release|Any CPU.ActiveCfg = Release|Any CPU
		{ADDC9C98-87D9-4EBD-8C5D-9831BE0F0B7E}.Release|Any CPU.Build.0 = Release|Any CPU
	EndGlobalSection
	GlobalSection(SolutionProperties) = preSolution
		HideSolutionNode = FALSE
	EndGlobalSection
	GlobalSection(ExtensibilityGlobals) = postSolution
		SolutionGuid = {04A8A057-6F01-4CD0-8197-DCF5A3BA34FF}
	EndGlobalSection
EndGlobal
